
Microsoft Visual Studio Solution File, Format Version 12.00
# Visual Studio Version 16
VisualStudioVersion = 16.0.29209.62
MinimumVisualStudioVersion = 10.0.40219.1
Project("{FAE04EC0-301F-11D3-BF4B-00C04F79EFBC}") = "NWN.FinalFantasy.Core", "NWN.FinalFantasy.Core\NWN.FinalFantasy.Core.csproj", "{3385D63B-0D64-4F15-8CC3-C2BD17F672E7}"
EndProject
Project("{FAE04EC0-301F-11D3-BF4B-00C04F79EFBC}") = "NWN.FinalFantasy.Data", "NWN.FinalFantasy.Data\NWN.FinalFantasy.Data.csproj", "{E94C10BA-6CDF-48CB-9473-D242DB9D82C9}"
EndProject
Project("{FAE04EC0-301F-11D3-BF4B-00C04F79EFBC}") = "NWN.FinalFantasy.Migration", "NWN.FinalFantasy.Migration\NWN.FinalFantasy.Migration.csproj", "{CDDF2E53-2FCA-4F26-A8FC-C8B430EC001C}"
EndProject
Project("{FAE04EC0-301F-11D3-BF4B-00C04F79EFBC}") = "NWN.FinalFantasy.Menu", "NWN.FinalFantasy.Menu\NWN.FinalFantasy.Menu.csproj", "{80452E61-40CB-4D81-9BA3-AB80F47F9BDD}"
EndProject
Project("{FAE04EC0-301F-11D3-BF4B-00C04F79EFBC}") = "NWN.FinalFantasy.Auditing", "NWN.FinalFantasy.Auditing\NWN.FinalFantasy.Auditing.csproj", "{E308B987-7BB1-4BEA-BB6B-859F37854A55}"
EndProject
Project("{FAE04EC0-301F-11D3-BF4B-00C04F79EFBC}") = "NWN.FinalFantasy.Chat", "NWN.FinalFantasy.Chat\NWN.FinalFantasy.Chat.csproj", "{33B1FF67-54CC-4459-9F31-531CB47AA296}"
EndProject
Project("{FAE04EC0-301F-11D3-BF4B-00C04F79EFBC}") = "NWN.FinalFantasy.Authorization", "NWN.FinalFantasy.Authorization\NWN.FinalFantasy.Authorization.csproj", "{F097FA98-36AF-4281-8B65-70D0F53A83D5}"
EndProject
Project("{FAE04EC0-301F-11D3-BF4B-00C04F79EFBC}") = "NWN.FinalFantasy.Death", "NWN.FinalFantasy.Death\NWN.FinalFantasy.Death.csproj", "{55BA0E62-E991-4994-B63E-ECB3F2035BF1}"
EndProject
Project("{FAE04EC0-301F-11D3-BF4B-00C04F79EFBC}") = "NWN.FinalFantasy.Map", "NWN.FinalFantasy.Map\NWN.FinalFantasy.Map.csproj", "{905954EF-B561-484D-B439-7BC1F48AC9B6}"
EndProject
Project("{FAE04EC0-301F-11D3-BF4B-00C04F79EFBC}") = "NWN.FinalFantasy.Location", "NWN.FinalFantasy.Location\NWN.FinalFantasy.Location.csproj", "{09369318-DD8F-430E-B0B6-ECD532E6938E}"
EndProject
Global
	GlobalSection(SolutionConfigurationPlatforms) = preSolution
		Debug|Any CPU = Debug|Any CPU
		Release|Any CPU = Release|Any CPU
	EndGlobalSection
	GlobalSection(ProjectConfigurationPlatforms) = postSolution
		{3385D63B-0D64-4F15-8CC3-C2BD17F672E7}.Debug|Any CPU.ActiveCfg = Debug|Any CPU
		{3385D63B-0D64-4F15-8CC3-C2BD17F672E7}.Debug|Any CPU.Build.0 = Debug|Any CPU
		{3385D63B-0D64-4F15-8CC3-C2BD17F672E7}.Release|Any CPU.ActiveCfg = Release|Any CPU
		{3385D63B-0D64-4F15-8CC3-C2BD17F672E7}.Release|Any CPU.Build.0 = Release|Any CPU
		{E94C10BA-6CDF-48CB-9473-D242DB9D82C9}.Debug|Any CPU.ActiveCfg = Debug|Any CPU
		{E94C10BA-6CDF-48CB-9473-D242DB9D82C9}.Debug|Any CPU.Build.0 = Debug|Any CPU
		{E94C10BA-6CDF-48CB-9473-D242DB9D82C9}.Release|Any CPU.ActiveCfg = Release|Any CPU
		{E94C10BA-6CDF-48CB-9473-D242DB9D82C9}.Release|Any CPU.Build.0 = Release|Any CPU
		{CDDF2E53-2FCA-4F26-A8FC-C8B430EC001C}.Debug|Any CPU.ActiveCfg = Debug|Any CPU
		{CDDF2E53-2FCA-4F26-A8FC-C8B430EC001C}.Debug|Any CPU.Build.0 = Debug|Any CPU
		{CDDF2E53-2FCA-4F26-A8FC-C8B430EC001C}.Release|Any CPU.ActiveCfg = Release|Any CPU
		{CDDF2E53-2FCA-4F26-A8FC-C8B430EC001C}.Release|Any CPU.Build.0 = Release|Any CPU
		{80452E61-40CB-4D81-9BA3-AB80F47F9BDD}.Debug|Any CPU.ActiveCfg = Debug|Any CPU
		{80452E61-40CB-4D81-9BA3-AB80F47F9BDD}.Debug|Any CPU.Build.0 = Debug|Any CPU
		{80452E61-40CB-4D81-9BA3-AB80F47F9BDD}.Release|Any CPU.ActiveCfg = Release|Any CPU
		{80452E61-40CB-4D81-9BA3-AB80F47F9BDD}.Release|Any CPU.Build.0 = Release|Any CPU
		{E308B987-7BB1-4BEA-BB6B-859F37854A55}.Debug|Any CPU.ActiveCfg = Debug|Any CPU
		{E308B987-7BB1-4BEA-BB6B-859F37854A55}.Debug|Any CPU.Build.0 = Debug|Any CPU
		{E308B987-7BB1-4BEA-BB6B-859F37854A55}.Release|Any CPU.ActiveCfg = Release|Any CPU
		{E308B987-7BB1-4BEA-BB6B-859F37854A55}.Release|Any CPU.Build.0 = Release|Any CPU
		{33B1FF67-54CC-4459-9F31-531CB47AA296}.Debug|Any CPU.ActiveCfg = Debug|Any CPU
		{33B1FF67-54CC-4459-9F31-531CB47AA296}.Debug|Any CPU.Build.0 = Debug|Any CPU
		{33B1FF67-54CC-4459-9F31-531CB47AA296}.Release|Any CPU.ActiveCfg = Release|Any CPU
		{33B1FF67-54CC-4459-9F31-531CB47AA296}.Release|Any CPU.Build.0 = Release|Any CPU
		{F097FA98-36AF-4281-8B65-70D0F53A83D5}.Debug|Any CPU.ActiveCfg = Debug|Any CPU
		{F097FA98-36AF-4281-8B65-70D0F53A83D5}.Debug|Any CPU.Build.0 = Debug|Any CPU
		{F097FA98-36AF-4281-8B65-70D0F53A83D5}.Release|Any CPU.ActiveCfg = Release|Any CPU
		{F097FA98-36AF-4281-8B65-70D0F53A83D5}.Release|Any CPU.Build.0 = Release|Any CPU
		{55BA0E62-E991-4994-B63E-ECB3F2035BF1}.Debug|Any CPU.ActiveCfg = Debug|Any CPU
		{55BA0E62-E991-4994-B63E-ECB3F2035BF1}.Debug|Any CPU.Build.0 = Debug|Any CPU
		{55BA0E62-E991-4994-B63E-ECB3F2035BF1}.Release|Any CPU.ActiveCfg = Release|Any CPU
		{55BA0E62-E991-4994-B63E-ECB3F2035BF1}.Release|Any CPU.Build.0 = Release|Any CPU
		{905954EF-B561-484D-B439-7BC1F48AC9B6}.Debug|Any CPU.ActiveCfg = Debug|Any CPU
		{905954EF-B561-484D-B439-7BC1F48AC9B6}.Debug|Any CPU.Build.0 = Debug|Any CPU
		{905954EF-B561-484D-B439-7BC1F48AC9B6}.Release|Any CPU.ActiveCfg = Release|Any CPU
		{905954EF-B561-484D-B439-7BC1F48AC9B6}.Release|Any CPU.Build.0 = Release|Any CPU
		{09369318-DD8F-430E-B0B6-ECD532E6938E}.Debug|Any CPU.ActiveCfg = Debug|Any CPU
		{09369318-DD8F-430E-B0B6-ECD532E6938E}.Debug|Any CPU.Build.0 = Debug|Any CPU
		{09369318-DD8F-430E-B0B6-ECD532E6938E}.Release|Any CPU.ActiveCfg = Release|Any CPU
		{09369318-DD8F-430E-B0B6-ECD532E6938E}.Release|Any CPU.Build.0 = Release|Any CPU
	EndGlobalSection
	GlobalSection(SolutionProperties) = preSolution
		HideSolutionNode = FALSE
	EndGlobalSection
	GlobalSection(ExtensibilityGlobals) = postSolution
		SolutionGuid = {E22D87B0-729D-415B-8E3B-E4CBBA384E58}
	EndGlobalSection
EndGlobal
