
Microsoft Visual Studio Solution File, Format Version 12.00
# Visual Studio Version 16
VisualStudioVersion = 16.0.29519.181
MinimumVisualStudioVersion = 10.0.40219.1
Project("{FAE04EC0-301F-11D3-BF4B-00C04F79EFBC}") = "NWN.FinalFantasy", "NWN.FinalFantasy\NWN.FinalFantasy.csproj", "{DC80898B-5B5A-46CA-ADF3-4459E2D27BB7}"
EndProject
Global
	GlobalSection(SolutionConfigurationPlatforms) = preSolution
		Debug|Any CPU = Debug|Any CPU
		Release|Any CPU = Release|Any CPU
	EndGlobalSection
	GlobalSection(ProjectConfigurationPlatforms) = postSolution
		{DC80898B-5B5A-46CA-ADF3-4459E2D27BB7}.Debug|Any CPU.ActiveCfg = Debug|Any CPU
		{DC80898B-5B5A-46CA-ADF3-4459E2D27BB7}.Debug|Any CPU.Build.0 = Debug|Any CPU
		{DC80898B-5B5A-46CA-ADF3-4459E2D27BB7}.Release|Any CPU.ActiveCfg = Release|Any CPU
		{DC80898B-5B5A-46CA-ADF3-4459E2D27BB7}.Release|Any CPU.Build.0 = Release|Any CPU
	EndGlobalSection
	GlobalSection(SolutionProperties) = preSolution
		HideSolutionNode = FALSE
	EndGlobalSection
	GlobalSection(ExtensibilityGlobals) = postSolution
		SolutionGuid = {1122CAAD-55C9-4580-9977-BBA86B3FEC24}
	EndGlobalSection
EndGlobal
